
Microsoft Visual Studio Solution File, Format Version 12.00
# Visual Studio Version 17
VisualStudioVersion = 17.11.34929.205
MinimumVisualStudioVersion = 10.0.40219.1
Project("{FAE04EC0-301F-11D3-BF4B-00C04F79EFBC}") = "OOP 3 sem", "OOP 3 sem\OOP 3 sem.csproj", "{1984C859-B953-4DE9-9E8F-1B3ECC672026}"
EndProject
Global
	GlobalSection(SolutionConfigurationPlatforms) = preSolution
		Debug|Any CPU = Debug|Any CPU
		Release|Any CPU = Release|Any CPU
	EndGlobalSection
	GlobalSection(ProjectConfigurationPlatforms) = postSolution
		{1984C859-B953-4DE9-9E8F-1B3ECC672026}.Debug|Any CPU.ActiveCfg = Debug|Any CPU
		{1984C859-B953-4DE9-9E8F-1B3ECC672026}.Debug|Any CPU.Build.0 = Debug|Any CPU
		{1984C859-B953-4DE9-9E8F-1B3ECC672026}.Release|Any CPU.ActiveCfg = Release|Any CPU
		{1984C859-B953-4DE9-9E8F-1B3ECC672026}.Release|Any CPU.Build.0 = Release|Any CPU
	EndGlobalSection
	GlobalSection(SolutionProperties) = preSolution
		HideSolutionNode = FALSE
	EndGlobalSection
	GlobalSection(ExtensibilityGlobals) = postSolution
		SolutionGuid = {B19EDB60-3135-4901-9737-93021D9A3974}
	EndGlobalSection
EndGlobal
